#MicroXplorer Configuration settings - do not modify
Mcu.Family=STM32L4
RCC.MSI_VALUE=4000000
ProjectManager.MainLocation=Src
PA2.GPIO_PuPd=GPIO_NOPULL
RCC.USART1Freq_Value=32000000
RCC.PLLQoutputFreq_Value=32000000
ProjectManager.ProjectFileName=adc.ioc
RCC.SAI1Freq_Value=9142857.142857144
USART2.IPParameters=VirtualMode-Asynchronous
RCC.CortexFreq_Value=32000000
PA2.GPIO_ModeDefaultPP=GPIO_MODE_AF_PP
ProjectManager.KeepUserCode=true
Mcu.UserName=STM32L432KCUx
Mcu.PinsNb=4
ProjectManager.NoMain=false
ADC1.IPParameters=Rank-2\#ChannelRegularConversion,Channel-2\#ChannelRegularConversion,SamplingTime-2\#ChannelRegularConversion,OffsetNumber-2\#ChannelRegularConversion,NbrOfConversionFlag,master
RCC.LPUARTFreq_Value=32000000
RCC.PLLCLKFreq_Value=32000000
RCC.SWPMI1Freq_Value=32000000
RCC.PLLSAI1RoutputFreq_Value=32000000
ProjectManager.functionlistsort=1-MX_GPIO_Init-GPIO-false-HAL-true,2-SystemClock_Config-RCC-false-HAL-false,3-MX_ADC1_Init-ADC1-false-HAL-true,4-MX_USART2_UART_Init-USART2-false-HAL-true
PA2.GPIO_Speed=GPIO_SPEED_FREQ_VERY_HIGH
RCC.RTCFreq_Value=32000
ProjectManager.DefaultFWLocation=true
RCC.USART2Freq_Value=32000000
ProjectManager.DeletePrevious=true
RCC.TimerFreq_Value=32000000
boardIOC=true
RCC.48CLKFreq_Value=24000000
PA2.GPIOParameters=GPIO_ModeDefaultPP,GPIO_Speed,GPIO_PuPd
PinOutPanel.RotationAngle=0
ADC1.SamplingTime-2\#ChannelRegularConversion=ADC_SAMPLETIME_2CYCLES_5
RCC.FamilyName=M
RCC.SYSCLKSource=RCC_SYSCLKSOURCE_PLLCLK
RCC.MCO1PinFreq_Value=32000000
ProjectManager.StackSize=0x400
RCC.WatchDogFreq_Value=32000
RCC.LPTIM1Freq_Value=32000000
RCC.I2C3Freq_Value=32000000
PA3.Mode=Asynchronous
Mcu.IP4=USART2
RCC.HSI16_VALUE=16000000
RCC.FCLKCortexFreq_Value=32000000
NVIC.SVCall_IRQn=true\:0\:0\:false\:false\:true\:false\:false
Mcu.IP2=RCC
Mcu.IP3=SYS
Mcu.IP0=ADC1
Mcu.IP1=NVIC
Mcu.UserConstants=
RCC.VCOSAI1OutputFreq_Value=64000000
ProjectManager.TargetToolchain=Makefile
Mcu.ThirdPartyNb=0
RCC.HCLKFreq_Value=32000000
Mcu.IPNb=5
ProjectManager.PreviousToolchain=
RCC.APB2TimFreq_Value=32000000
ADC1.Channel-2\#ChannelRegularConversion=ADC_CHANNEL_5
RCC.USBFreq_Value=32000000
RCC.AHBFreq_Value=32000000
RCC.PLLSAI1PoutputFreq_Value=9142857.142857144
Mcu.Pin0=PA0
Mcu.Pin1=PA2
Mcu.Pin2=PA3
Mcu.Pin3=VP_SYS_VS_Systick
RCC.USART3Freq_Value=16000000
ProjectManager.ProjectBuild=false
RCC.HSE_VALUE=8000000
NVIC.UsageFault_IRQn=true\:0\:0\:false\:false\:true\:false\:false
PA0.Locked=true
NVIC.DebugMonitor_IRQn=true\:0\:0\:false\:false\:true\:false\:false
RCC.MCOPinFreq_Value=32000000
board=NUCLEO-L432KC
USART2.VirtualMode-Asynchronous=VM_ASYNC
RCC.VCOOutputFreq_Value=64000000
NVIC.SysTick_IRQn=true\:0\:0\:true\:false\:true\:true\:true
ProjectManager.LastFirmware=true
RCC.PLLMUL=RCC_PLLMUL_4
ProjectManager.FirmwarePackage=STM32Cube FW_L4 V1.15.1
MxDb.Version=DB.5.0.60
RCC.APB2Freq_Value=32000000
ADC1.Rank-2\#ChannelRegularConversion=1
ProjectManager.BackupPrevious=false
MxCube.Version=5.6.0
RCC.VCOInputFreq_Value=4000000
RCC.I2C1Freq_Value=32000000
RCC.LCDFreq_Value=37000
RCC.RNGFreq_Value=32000000
RCC.PLLSAI1QoutputFreq_Value=32000000
RCC.ADCFreq_Value=32000000
File.Version=6
VP_SYS_VS_Systick.Mode=SysTick
NVIC.NonMaskableInt_IRQn=true\:0\:0\:false\:false\:true\:false\:false
RCC.PLLRCLKFreq_Value=32000000
NVIC.PendSV_IRQn=true\:0\:0\:false\:false\:true\:false\:false
ADC1.OffsetNumber-2\#ChannelRegularConversion=ADC_OFFSET_NONE
ProjectManager.FreePins=false
RCC.IPParameters=48CLKFreq_Value,ADCFreq_Value,AHBFreq_Value,APB1Freq_Value,APB1TimFreq_Value,APB2Freq_Value,APB2TimFreq_Value,CortexFreq_Value,FCLKCortexFreq_Value,FamilyName,HCLKFreq_Value,HSE_VALUE,HSI16_VALUE,HSI48_VALUE,HSI_VALUE,I2C1Freq_Value,I2C2Freq_Value,I2C3Freq_Value,LCDFreq_Value,LPTIM1Freq_Value,LPTIM2Freq_Value,LPTIMFreq_Value,LPUART1Freq_Value,LPUARTFreq_Value,LSCOPinFreq_Value,LSI_VALUE,MCO1PinFreq_Value,MCOPinFreq_Value,MSI_VALUE,PLLCLKFreq_Value,PLLMUL,PLLN,PLLPoutputFreq_Value,PLLQoutputFreq_Value,PLLRCLKFreq_Value,PLLSAI1N,PLLSAI1PoutputFreq_Value,PLLSAI1QoutputFreq_Value,PLLSAI1RoutputFreq_Value,PWRFreq_Value,RNGFreq_Value,RTCFreq_Value,RTCHSEDivFreq_Value,SAI1Freq_Value,SWPMI1Freq_Value,SYSCLKFreq_VALUE,SYSCLKSource,TIMFreq_Value,TimerFreq_Value,USART1Freq_Value,USART2Freq_Value,USART3Freq_Value,USBFreq_Value,VCOInputFreq_Value,VCOOutputFreq_Value,VCOSAI1OutputFreq_Value,WatchDogFreq_Value
ProjectManager.AskForMigrate=true
Mcu.Name=STM32L432K(B-C)Ux
RCC.LPTIM2Freq_Value=32000000
ProjectManager.HalAssertFull=false
RCC.RTCHSEDivFreq_Value=4000000
PA2.Signal=USART2_TX
ProjectManager.ProjectName=adc
ProjectManager.UnderRoot=false
PA0.Signal=ADCx_IN5
ProjectManager.CoupleFile=false
RCC.SYSCLKFreq_VALUE=32000000
Mcu.Package=UFQFPN32
ADC1.master=1
NVIC.ForceEnableDMAVector=true
KeepUserPlacement=false
NVIC.MemoryManagement_IRQn=true\:0\:0\:false\:false\:true\:false\:false
ProjectManager.CompilerOptimize=6
ProjectManager.ToolChainLocation=
RCC.LSI_VALUE=32000
VP_SYS_VS_Systick.Signal=SYS_VS_Systick
RCC.LSCOPinFreq_Value=32000
ProjectManager.HeapSize=0x200
NVIC.HardFault_IRQn=true\:0\:0\:false\:false\:true\:false\:false
ProjectManager.ComputerToolchain=false
RCC.HSI_VALUE=16000000
SH.ADCx_IN5.0=ADC1_IN5,IN5-Single-Ended
NVIC.PriorityGroup=NVIC_PRIORITYGROUP_4
ADC1.NbrOfConversionFlag=1
RCC.PLLPoutputFreq_Value=9142857.142857144
RCC.PLLN=16
RCC.APB1TimFreq_Value=32000000
PA2.Mode=Asynchronous
NVIC.BusFault_IRQn=true\:0\:0\:false\:false\:true\:false\:false
RCC.PWRFreq_Value=32000000
RCC.LPUART1Freq_Value=32000000
SH.ADCx_IN5.ConfNb=1
RCC.I2C2Freq_Value=16000000
RCC.APB1Freq_Value=32000000
ProjectManager.CustomerFirmwarePackage=
ProjectManager.DeviceId=STM32L432KCUx
ProjectManager.LibraryCopy=0
RCC.LPTIMFreq_Value=32000000
RCC.HSI48_VALUE=48000000
RCC.PLLSAI1N=16
PA3.Signal=USART2_RX
RCC.TIMFreq_Value=32000000
PA2.Locked=true
